// !$*UTF8*$!
{
	archiveVersion = 1;
	classes = {
	};
	objectVersion = 52;
	objects = {

/* Begin PBXBuildFile section */
		FA1301A725ED228B0050A695 /* Realm in Frameworks */ = {isa = PBXBuildFile; productRef = FA1301A625ED228B0050A695 /* Realm */; };
		FA1301A925ED228B0050A695 /* RealmSwift in Frameworks */ = {isa = PBXBuildFile; productRef = FA1301A825ED228B0050A695 /* RealmSwift */; };
		FA1301AF25ED22A70050A695 /* Peer.swift in Sources */ = {isa = PBXBuildFile; fileRef = FA1301AE25ED22A70050A695 /* Peer.swift */; };
		FA1301C625ED3E280050A695 /* APIError.swift in Sources */ = {isa = PBXBuildFile; fileRef = FA1301C525ED3E280050A695 /* APIError.swift */; };
		FA14402025ECF235000D22F4 /* Dictionary+Extensions.swift in Sources */ = {isa = PBXBuildFile; fileRef = FA14401F25ECF235000D22F4 /* Dictionary+Extensions.swift */; };
		FA14402325ECF33B000D22F4 /* CallProvider.swift in Sources */ = {isa = PBXBuildFile; fileRef = FA14402225ECF33B000D22F4 /* CallProvider.swift */; };
		FA14402625ECF890000D22F4 /* PersistenceProvider.swift in Sources */ = {isa = PBXBuildFile; fileRef = FA14402525ECF890000D22F4 /* PersistenceProvider.swift */; };
		FA1809EA25EFDE7A000EF35C /* Server.swift in Sources */ = {isa = PBXBuildFile; fileRef = FA1809E925EFDE7A000EF35C /* Server.swift */; };
		FA46E0CD25ED4EDD003917B8 /* LinkHandler.swift in Sources */ = {isa = PBXBuildFile; fileRef = FA46E0CC25ED4EDD003917B8 /* LinkHandler.swift */; };
		FA50161225FCDE370010A0C0 /* Theme.swift in Sources */ = {isa = PBXBuildFile; fileRef = FA50161125FCDE370010A0C0 /* Theme.swift */; };
		FA50161E25FCE5CE0010A0C0 /* Lang.swift in Sources */ = {isa = PBXBuildFile; fileRef = FA50161D25FCE5CE0010A0C0 /* Lang.swift */; };
		FA50162025FCE6B50010A0C0 /* Localizable.strings in Resources */ = {isa = PBXBuildFile; fileRef = FA50162225FCE6B50010A0C0 /* Localizable.strings */; };
		FA50162525FCE9CC0010A0C0 /* Account.swift in Sources */ = {isa = PBXBuildFile; fileRef = FA50162425FCE9CC0010A0C0 /* Account.swift */; };
		FA50162E25FD06B10010A0C0 /* WaveView.swift in Sources */ = {isa = PBXBuildFile; fileRef = FA50162D25FD06B10010A0C0 /* WaveView.swift */; };
		FA78328E25EFBD0E00A0F4EC /* NSBezierPath+Extensions.swift in Sources */ = {isa = PBXBuildFile; fileRef = FA78328D25EFBD0E00A0F4EC /* NSBezierPath+Extensions.swift */; };
		FA78329225EFCB8800A0F4EC /* ContactViewModel.swift in Sources */ = {isa = PBXBuildFile; fileRef = FA78329125EFCB8800A0F4EC /* ContactViewModel.swift */; };
		FAA0582A25F828A100797A76 /* HotKey in Frameworks */ = {isa = PBXBuildFile; productRef = FAA0582925F828A100797A76 /* HotKey */; };
		FAA0582D25F829C900797A76 /* KeyboardProvider.swift in Sources */ = {isa = PBXBuildFile; fileRef = FAA0582C25F829C900797A76 /* KeyboardProvider.swift */; };
		FAAD119925EA4B4300B1F90B /* AppDelegate.swift in Sources */ = {isa = PBXBuildFile; fileRef = FAAD119825EA4B4300B1F90B /* AppDelegate.swift */; };
		FAAD119B25EA4B4300B1F90B /* MainView.swift in Sources */ = {isa = PBXBuildFile; fileRef = FAAD119A25EA4B4300B1F90B /* MainView.swift */; };
		FAAD119D25EA4B4500B1F90B /* Assets.xcassets in Resources */ = {isa = PBXBuildFile; fileRef = FAAD119C25EA4B4500B1F90B /* Assets.xcassets */; };
		FAAD11A325EA4B4500B1F90B /* Main.storyboard in Resources */ = {isa = PBXBuildFile; fileRef = FAAD11A125EA4B4500B1F90B /* Main.storyboard */; };
		FAF27F4F25EA561900DC04D6 /* ContactAvatarView.swift in Sources */ = {isa = PBXBuildFile; fileRef = FAF27F4E25EA561900DC04D6 /* ContactAvatarView.swift */; };
		FAF27F5525EA568E00DC04D6 /* KeyboardView.swift in Sources */ = {isa = PBXBuildFile; fileRef = FAF27F5425EA568E00DC04D6 /* KeyboardView.swift */; };
		FAF27F5925EA56AD00DC04D6 /* KeyboardKeyView.swift in Sources */ = {isa = PBXBuildFile; fileRef = FAF27F5825EA56AD00DC04D6 /* KeyboardKeyView.swift */; };
		FAF27F5C25EA56DD00DC04D6 /* ContactView.swift in Sources */ = {isa = PBXBuildFile; fileRef = FAF27F5B25EA56DD00DC04D6 /* ContactView.swift */; };
		FAF27F6025EA575A00DC04D6 /* String+Extensions.swift in Sources */ = {isa = PBXBuildFile; fileRef = FAF27F5F25EA575A00DC04D6 /* String+Extensions.swift */; };
		FAF27F6425EA57AE00DC04D6 /* MainViewModel.swift in Sources */ = {isa = PBXBuildFile; fileRef = FAF27F6325EA57AE00DC04D6 /* MainViewModel.swift */; };
		FAF27F6825EBB7BC00DC04D6 /* TinyHTTP in Frameworks */ = {isa = PBXBuildFile; productRef = FAF27F6725EBB7BC00DC04D6 /* TinyHTTP */; };
		FAF27F6C25EBB7FF00DC04D6 /* APIService.swift in Sources */ = {isa = PBXBuildFile; fileRef = FAF27F6B25EBB7FF00DC04D6 /* APIService.swift */; };
		FAF27F6F25EBBAC800DC04D6 /* Config.swift in Sources */ = {isa = PBXBuildFile; fileRef = FAF27F6E25EBBAC800DC04D6 /* Config.swift */; };
		FAF27F7425EBBD6B00DC04D6 /* WelcomeView.swift in Sources */ = {isa = PBXBuildFile; fileRef = FAF27F7325EBBD6B00DC04D6 /* WelcomeView.swift */; };
		FAF27F7825EBBDB400DC04D6 /* WelcomeViewModel.swift in Sources */ = {isa = PBXBuildFile; fileRef = FAF27F7725EBBDB400DC04D6 /* WelcomeViewModel.swift */; };
		FAF27F7B25EBC11800DC04D6 /* WelcomeModel.swift in Sources */ = {isa = PBXBuildFile; fileRef = FAF27F7A25EBC11800DC04D6 /* WelcomeModel.swift */; };
		FAF27F7F25EBC5C700DC04D6 /* APIDTO.swift in Sources */ = {isa = PBXBuildFile; fileRef = FAF27F7E25EBC5C700DC04D6 /* APIDTO.swift */; };
		FAF27F8725EBC7D500DC04D6 /* KeychainSwift in Frameworks */ = {isa = PBXBuildFile; productRef = FAF27F8625EBC7D500DC04D6 /* KeychainSwift */; };
		FAF27F8B25EBC83100DC04D6 /* AuthProvider.swift in Sources */ = {isa = PBXBuildFile; fileRef = FAF27F8A25EBC83100DC04D6 /* AuthProvider.swift */; };
		FAF27F8E25EBCBD100DC04D6 /* Resolver.swift in Sources */ = {isa = PBXBuildFile; fileRef = FAF27F8D25EBCBD100DC04D6 /* Resolver.swift */; };
		FAF27F9125EBCDA300DC04D6 /* MainModel.swift in Sources */ = {isa = PBXBuildFile; fileRef = FAF27F9025EBCDA300DC04D6 /* MainModel.swift */; };
		FAF27F9725EBD71300DC04D6 /* NSTextField+Extensions.swift in Sources */ = {isa = PBXBuildFile; fileRef = FAF27F9625EBD71300DC04D6 /* NSTextField+Extensions.swift */; };
		FAF27FA125EC2D0100DC04D6 /* Starscream in Frameworks */ = {isa = PBXBuildFile; productRef = FAF27FA025EC2D0100DC04D6 /* Starscream */; };
		FAF27FA625EC2D2A00DC04D6 /* WSService.swift in Sources */ = {isa = PBXBuildFile; fileRef = FAF27FA525EC2D2A00DC04D6 /* WSService.swift */; };
		FAF27FAB25EC30FD00DC04D6 /* WebRTC in Frameworks */ = {isa = PBXBuildFile; productRef = FAF27FAA25EC30FD00DC04D6 /* WebRTC */; };
		FAF27FAF25EC313F00DC04D6 /* WebRTCService.swift in Sources */ = {isa = PBXBuildFile; fileRef = FAF27FAE25EC313F00DC04D6 /* WebRTCService.swift */; };
		FAF27FB325EC3DDE00DC04D6 /* WSDTO.swift in Sources */ = {isa = PBXBuildFile; fileRef = FAF27FB225EC3DDE00DC04D6 /* WSDTO.swift */; };
/* End PBXBuildFile section */

/* Begin PBXFileReference section */
		FA1301AE25ED22A70050A695 /* Peer.swift */ = {isa = PBXFileReference; lastKnownFileType = sourcecode.swift; path = Peer.swift; sourceTree = "<group>"; };
		FA1301C525ED3E280050A695 /* APIError.swift */ = {isa = PBXFileReference; fileEncoding = 4; lastKnownFileType = sourcecode.swift; path = APIError.swift; sourceTree = "<group>"; };
		FA14401F25ECF235000D22F4 /* Dictionary+Extensions.swift */ = {isa = PBXFileReference; lastKnownFileType = sourcecode.swift; path = "Dictionary+Extensions.swift"; sourceTree = "<group>"; };
		FA14402225ECF33B000D22F4 /* CallProvider.swift */ = {isa = PBXFileReference; lastKnownFileType = sourcecode.swift; path = CallProvider.swift; sourceTree = "<group>"; };
		FA14402525ECF890000D22F4 /* PersistenceProvider.swift */ = {isa = PBXFileReference; lastKnownFileType = sourcecode.swift; path = PersistenceProvider.swift; sourceTree = "<group>"; };
		FA1809E925EFDE7A000EF35C /* Server.swift */ = {isa = PBXFileReference; lastKnownFileType = sourcecode.swift; path = Server.swift; sourceTree = "<group>"; };
		FA46E0CC25ED4EDD003917B8 /* LinkHandler.swift */ = {isa = PBXFileReference; lastKnownFileType = sourcecode.swift; path = LinkHandler.swift; sourceTree = "<group>"; };
		FA50161125FCDE370010A0C0 /* Theme.swift */ = {isa = PBXFileReference; lastKnownFileType = sourcecode.swift; path = Theme.swift; sourceTree = "<group>"; };
		FA50161D25FCE5CE0010A0C0 /* Lang.swift */ = {isa = PBXFileReference; lastKnownFileType = sourcecode.swift; path = Lang.swift; sourceTree = "<group>"; };
		FA50162125FCE6B50010A0C0 /* en */ = {isa = PBXFileReference; lastKnownFileType = text.plist.strings; name = en; path = en.lproj/Localizable.strings; sourceTree = "<group>"; };
		FA50162425FCE9CC0010A0C0 /* Account.swift */ = {isa = PBXFileReference; lastKnownFileType = sourcecode.swift; path = Account.swift; sourceTree = "<group>"; };
		FA50162D25FD06B10010A0C0 /* WaveView.swift */ = {isa = PBXFileReference; fileEncoding = 4; lastKnownFileType = sourcecode.swift; path = WaveView.swift; sourceTree = "<group>"; };
		FA78328D25EFBD0E00A0F4EC /* NSBezierPath+Extensions.swift */ = {isa = PBXFileReference; lastKnownFileType = sourcecode.swift; path = "NSBezierPath+Extensions.swift"; sourceTree = "<group>"; };
		FA78329125EFCB8800A0F4EC /* ContactViewModel.swift */ = {isa = PBXFileReference; lastKnownFileType = sourcecode.swift; path = ContactViewModel.swift; sourceTree = "<group>"; };
		FAA0582C25F829C900797A76 /* KeyboardProvider.swift */ = {isa = PBXFileReference; lastKnownFileType = sourcecode.swift; path = KeyboardProvider.swift; sourceTree = "<group>"; };
		FAAD119525EA4B4300B1F90B /* Airtap.app */ = {isa = PBXFileReference; explicitFileType = wrapper.application; includeInIndex = 0; path = Airtap.app; sourceTree = BUILT_PRODUCTS_DIR; };
		FAAD119825EA4B4300B1F90B /* AppDelegate.swift */ = {isa = PBXFileReference; lastKnownFileType = sourcecode.swift; path = AppDelegate.swift; sourceTree = "<group>"; };
		FAAD119A25EA4B4300B1F90B /* MainView.swift */ = {isa = PBXFileReference; lastKnownFileType = sourcecode.swift; path = MainView.swift; sourceTree = "<group>"; };
		FAAD119C25EA4B4500B1F90B /* Assets.xcassets */ = {isa = PBXFileReference; lastKnownFileType = folder.assetcatalog; path = Assets.xcassets; sourceTree = "<group>"; };
		FAAD11A225EA4B4500B1F90B /* Base */ = {isa = PBXFileReference; lastKnownFileType = file.storyboard; name = Base; path = Base.lproj/Main.storyboard; sourceTree = "<group>"; };
		FAAD11A425EA4B4500B1F90B /* Info.plist */ = {isa = PBXFileReference; lastKnownFileType = text.plist.xml; path = Info.plist; sourceTree = "<group>"; };
		FAF27F4E25EA561900DC04D6 /* ContactAvatarView.swift */ = {isa = PBXFileReference; lastKnownFileType = sourcecode.swift; path = ContactAvatarView.swift; sourceTree = "<group>"; };
		FAF27F5425EA568E00DC04D6 /* KeyboardView.swift */ = {isa = PBXFileReference; lastKnownFileType = sourcecode.swift; path = KeyboardView.swift; sourceTree = "<group>"; };
		FAF27F5825EA56AD00DC04D6 /* KeyboardKeyView.swift */ = {isa = PBXFileReference; lastKnownFileType = sourcecode.swift; path = KeyboardKeyView.swift; sourceTree = "<group>"; };
		FAF27F5B25EA56DD00DC04D6 /* ContactView.swift */ = {isa = PBXFileReference; lastKnownFileType = sourcecode.swift; path = ContactView.swift; sourceTree = "<group>"; };
		FAF27F5F25EA575A00DC04D6 /* String+Extensions.swift */ = {isa = PBXFileReference; lastKnownFileType = sourcecode.swift; path = "String+Extensions.swift"; sourceTree = "<group>"; };
		FAF27F6325EA57AE00DC04D6 /* MainViewModel.swift */ = {isa = PBXFileReference; lastKnownFileType = sourcecode.swift; path = MainViewModel.swift; sourceTree = "<group>"; };
		FAF27F6B25EBB7FF00DC04D6 /* APIService.swift */ = {isa = PBXFileReference; lastKnownFileType = sourcecode.swift; path = APIService.swift; sourceTree = "<group>"; };
		FAF27F6E25EBBAC800DC04D6 /* Config.swift */ = {isa = PBXFileReference; lastKnownFileType = sourcecode.swift; path = Config.swift; sourceTree = "<group>"; };
		FAF27F7325EBBD6B00DC04D6 /* WelcomeView.swift */ = {isa = PBXFileReference; lastKnownFileType = sourcecode.swift; path = WelcomeView.swift; sourceTree = "<group>"; };
		FAF27F7725EBBDB400DC04D6 /* WelcomeViewModel.swift */ = {isa = PBXFileReference; lastKnownFileType = sourcecode.swift; path = WelcomeViewModel.swift; sourceTree = "<group>"; };
		FAF27F7A25EBC11800DC04D6 /* WelcomeModel.swift */ = {isa = PBXFileReference; lastKnownFileType = sourcecode.swift; path = WelcomeModel.swift; sourceTree = "<group>"; };
		FAF27F7E25EBC5C700DC04D6 /* APIDTO.swift */ = {isa = PBXFileReference; lastKnownFileType = sourcecode.swift; path = APIDTO.swift; sourceTree = "<group>"; };
		FAF27F8A25EBC83100DC04D6 /* AuthProvider.swift */ = {isa = PBXFileReference; lastKnownFileType = sourcecode.swift; path = AuthProvider.swift; sourceTree = "<group>"; };
		FAF27F8D25EBCBD100DC04D6 /* Resolver.swift */ = {isa = PBXFileReference; lastKnownFileType = sourcecode.swift; path = Resolver.swift; sourceTree = "<group>"; };
		FAF27F9025EBCDA300DC04D6 /* MainModel.swift */ = {isa = PBXFileReference; lastKnownFileType = sourcecode.swift; path = MainModel.swift; sourceTree = "<group>"; };
		FAF27F9625EBD71300DC04D6 /* NSTextField+Extensions.swift */ = {isa = PBXFileReference; lastKnownFileType = sourcecode.swift; path = "NSTextField+Extensions.swift"; sourceTree = "<group>"; };
		FAF27FA525EC2D2A00DC04D6 /* WSService.swift */ = {isa = PBXFileReference; lastKnownFileType = sourcecode.swift; path = WSService.swift; sourceTree = "<group>"; };
		FAF27FAE25EC313F00DC04D6 /* WebRTCService.swift */ = {isa = PBXFileReference; lastKnownFileType = sourcecode.swift; path = WebRTCService.swift; sourceTree = "<group>"; };
		FAF27FB225EC3DDE00DC04D6 /* WSDTO.swift */ = {isa = PBXFileReference; lastKnownFileType = sourcecode.swift; path = WSDTO.swift; sourceTree = "<group>"; };
/* End PBXFileReference section */

/* Begin PBXFrameworksBuildPhase section */
		FAAD119225EA4B4300B1F90B /* Frameworks */ = {
			isa = PBXFrameworksBuildPhase;
			buildActionMask = 2147483647;
			files = (
				FA1301A925ED228B0050A695 /* RealmSwift in Frameworks */,
				FAF27F8725EBC7D500DC04D6 /* KeychainSwift in Frameworks */,
				FAF27FAB25EC30FD00DC04D6 /* WebRTC in Frameworks */,
				FAF27F6825EBB7BC00DC04D6 /* TinyHTTP in Frameworks */,
				FAF27FA125EC2D0100DC04D6 /* Starscream in Frameworks */,
				FA1301A725ED228B0050A695 /* Realm in Frameworks */,
				FAA0582A25F828A100797A76 /* HotKey in Frameworks */,
			);
			runOnlyForDeploymentPostprocessing = 0;
		};
/* End PBXFrameworksBuildPhase section */

/* Begin PBXGroup section */
		FA1301AB25ED229A0050A695 /* Models */ = {
			isa = PBXGroup;
			children = (
				FA1301AE25ED22A70050A695 /* Peer.swift */,
				FA1809E925EFDE7A000EF35C /* Server.swift */,
				FA50162425FCE9CC0010A0C0 /* Account.swift */,
			);
			path = Models;
			sourceTree = "<group>";
		};
		FA50161A25FCE34D0010A0C0 /* Contact */ = {
			isa = PBXGroup;
			children = (
				FAF27F4E25EA561900DC04D6 /* ContactAvatarView.swift */,
				FAF27F5B25EA56DD00DC04D6 /* ContactView.swift */,
				FA78329125EFCB8800A0F4EC /* ContactViewModel.swift */,
			);
			name = Contact;
			sourceTree = "<group>";
		};
		FAAD118C25EA4B4300B1F90B = {
			isa = PBXGroup;
			children = (
				FAAD119725EA4B4300B1F90B /* Airtap */,
				FAAD119625EA4B4300B1F90B /* Products */,
				FA50162225FCE6B50010A0C0 /* Localizable.strings */,
			);
			sourceTree = "<group>";
		};
		FAAD119625EA4B4300B1F90B /* Products */ = {
			isa = PBXGroup;
			children = (
				FAAD119525EA4B4300B1F90B /* Airtap.app */,
			);
			name = Products;
			sourceTree = "<group>";
		};
		FAAD119725EA4B4300B1F90B /* Airtap */ = {
			isa = PBXGroup;
			children = (
				FAAD119825EA4B4300B1F90B /* AppDelegate.swift */,
				FAF27F6E25EBBAC800DC04D6 /* Config.swift */,
				FAF27F8D25EBCBD100DC04D6 /* Resolver.swift */,
				FAF27F6A25EBB7C700DC04D6 /* Network */,
				FA1301AB25ED229A0050A695 /* Models */,
				FAF27F8925EBC80D00DC04D6 /* Providers */,
				FAAD11B125EA4D6700B1F90B /* Scenes */,
				FAF27F5E25EA574D00DC04D6 /* Extensions */,
				FAAD119C25EA4B4500B1F90B /* Assets.xcassets */,
				FAAD11A125EA4B4500B1F90B /* Main.storyboard */,
				FAAD11A425EA4B4500B1F90B /* Info.plist */,
			);
			path = Airtap;
			sourceTree = "<group>";
		};
		FAAD11B125EA4D6700B1F90B /* Scenes */ = {
			isa = PBXGroup;
			children = (
				FAF27F7225EBBD4C00DC04D6 /* Welcome */,
				FAAD11B225EA4D6C00B1F90B /* Main */,
				FAF27F5125EA566500DC04D6 /* Common */,
				FA50161125FCDE370010A0C0 /* Theme.swift */,
				FA50161D25FCE5CE0010A0C0 /* Lang.swift */,
			);
			path = Scenes;
			sourceTree = "<group>";
		};
		FAAD11B225EA4D6C00B1F90B /* Main */ = {
			isa = PBXGroup;
			children = (
				FAF27F5225EA567100DC04D6 /* Views */,
				FAAD119A25EA4B4300B1F90B /* MainView.swift */,
				FAF27F6325EA57AE00DC04D6 /* MainViewModel.swift */,
				FAF27F9025EBCDA300DC04D6 /* MainModel.swift */,
			);
			path = Main;
			sourceTree = "<group>";
		};
		FAF27F5125EA566500DC04D6 /* Common */ = {
			isa = PBXGroup;
			children = (
				FAF27F5325EA568000DC04D6 /* KeyboardView */,
			);
			path = Common;
			sourceTree = "<group>";
		};
		FAF27F5225EA567100DC04D6 /* Views */ = {
			isa = PBXGroup;
			children = (
				FA50162D25FD06B10010A0C0 /* WaveView.swift */,
				FA50161A25FCE34D0010A0C0 /* Contact */,
			);
			name = Views;
			sourceTree = "<group>";
		};
		FAF27F5325EA568000DC04D6 /* KeyboardView */ = {
			isa = PBXGroup;
			children = (
				FAF27F5425EA568E00DC04D6 /* KeyboardView.swift */,
				FAF27F5825EA56AD00DC04D6 /* KeyboardKeyView.swift */,
			);
			path = KeyboardView;
			sourceTree = "<group>";
		};
		FAF27F5E25EA574D00DC04D6 /* Extensions */ = {
			isa = PBXGroup;
			children = (
				FAF27F5F25EA575A00DC04D6 /* String+Extensions.swift */,
				FAF27F9625EBD71300DC04D6 /* NSTextField+Extensions.swift */,
				FA14401F25ECF235000D22F4 /* Dictionary+Extensions.swift */,
				FA78328D25EFBD0E00A0F4EC /* NSBezierPath+Extensions.swift */,
			);
			path = Extensions;
			sourceTree = "<group>";
		};
		FAF27F6A25EBB7C700DC04D6 /* Network */ = {
			isa = PBXGroup;
			children = (
				FAF27FAD25EC313200DC04D6 /* WebRTC */,
				FAF27FA425EC2D1400DC04D6 /* WS */,
				FAF27F9D25EC2C9100DC04D6 /* API */,
				FA46E0CC25ED4EDD003917B8 /* LinkHandler.swift */,
			);
			path = Network;
			sourceTree = "<group>";
		};
		FAF27F7225EBBD4C00DC04D6 /* Welcome */ = {
			isa = PBXGroup;
			children = (
				FAF27F7325EBBD6B00DC04D6 /* WelcomeView.swift */,
				FAF27F7725EBBDB400DC04D6 /* WelcomeViewModel.swift */,
				FAF27F7A25EBC11800DC04D6 /* WelcomeModel.swift */,
			);
			path = Welcome;
			sourceTree = "<group>";
		};
		FAF27F8925EBC80D00DC04D6 /* Providers */ = {
			isa = PBXGroup;
			children = (
				FAF27F8A25EBC83100DC04D6 /* AuthProvider.swift */,
				FA14402225ECF33B000D22F4 /* CallProvider.swift */,
				FA14402525ECF890000D22F4 /* PersistenceProvider.swift */,
				FAA0582C25F829C900797A76 /* KeyboardProvider.swift */,
			);
			path = Providers;
			sourceTree = "<group>";
		};
		FAF27F9D25EC2C9100DC04D6 /* API */ = {
			isa = PBXGroup;
			children = (
				FA1301C525ED3E280050A695 /* APIError.swift */,
				FAF27F7E25EBC5C700DC04D6 /* APIDTO.swift */,
				FAF27F6B25EBB7FF00DC04D6 /* APIService.swift */,
			);
			path = API;
			sourceTree = "<group>";
		};
		FAF27FA425EC2D1400DC04D6 /* WS */ = {
			isa = PBXGroup;
			children = (
				FAF27FA525EC2D2A00DC04D6 /* WSService.swift */,
				FAF27FB225EC3DDE00DC04D6 /* WSDTO.swift */,
			);
			path = WS;
			sourceTree = "<group>";
		};
		FAF27FAD25EC313200DC04D6 /* WebRTC */ = {
			isa = PBXGroup;
			children = (
				FAF27FAE25EC313F00DC04D6 /* WebRTCService.swift */,
			);
			path = WebRTC;
			sourceTree = "<group>";
		};
/* End PBXGroup section */

/* Begin PBXNativeTarget section */
		FAAD119425EA4B4300B1F90B /* Airtap */ = {
			isa = PBXNativeTarget;
			buildConfigurationList = FAAD11A825EA4B4500B1F90B /* Build configuration list for PBXNativeTarget "Airtap" */;
			buildPhases = (
				FAAD119125EA4B4300B1F90B /* Sources */,
				FAAD119225EA4B4300B1F90B /* Frameworks */,
				FAAD119325EA4B4300B1F90B /* Resources */,
			);
			buildRules = (
			);
			dependencies = (
			);
			name = Airtap;
			packageProductDependencies = (
				FAF27F6725EBB7BC00DC04D6 /* TinyHTTP */,
				FAF27F8625EBC7D500DC04D6 /* KeychainSwift */,
				FAF27FA025EC2D0100DC04D6 /* Starscream */,
				FAF27FAA25EC30FD00DC04D6 /* WebRTC */,
				FA1301A625ED228B0050A695 /* Realm */,
				FA1301A825ED228B0050A695 /* RealmSwift */,
				FAA0582925F828A100797A76 /* HotKey */,
			);
			productName = Airtap;
			productReference = FAAD119525EA4B4300B1F90B /* Airtap.app */;
			productType = "com.apple.product-type.application";
		};
/* End PBXNativeTarget section */

/* Begin PBXProject section */
		FAAD118D25EA4B4300B1F90B /* Project object */ = {
			isa = PBXProject;
			attributes = {
				CLASSPREFIX = "";
				LastSwiftUpdateCheck = 1240;
				LastUpgradeCheck = 1240;
				ORGANIZATIONNAME = "Airtap OÜ";
				TargetAttributes = {
					FAAD119425EA4B4300B1F90B = {
						CreatedOnToolsVersion = 12.4;
					};
				};
			};
			buildConfigurationList = FAAD119025EA4B4300B1F90B /* Build configuration list for PBXProject "Airtap" */;
			compatibilityVersion = "Xcode 9.3";
			developmentRegion = en;
			hasScannedForEncodings = 0;
			knownRegions = (
				en,
				Base,
			);
			mainGroup = FAAD118C25EA4B4300B1F90B;
			packageReferences = (
				FAF27F6625EBB7BC00DC04D6 /* XCRemoteSwiftPackageReference "airtap-swift-http-client" */,
				FAF27F8525EBC7D500DC04D6 /* XCRemoteSwiftPackageReference "keychain-swift" */,
				FAF27F9F25EC2D0100DC04D6 /* XCRemoteSwiftPackageReference "Starscream" */,
				FAF27FA925EC30FD00DC04D6 /* XCRemoteSwiftPackageReference "WebRTC" */,
				FA1301A525ED228B0050A695 /* XCRemoteSwiftPackageReference "realm-cocoa" */,
				FAA0582825F828A100797A76 /* XCRemoteSwiftPackageReference "HotKey" */,
			);
			productRefGroup = FAAD119625EA4B4300B1F90B /* Products */;
			projectDirPath = "";
			projectRoot = "";
			targets = (
				FAAD119425EA4B4300B1F90B /* Airtap */,
			);
		};
/* End PBXProject section */

/* Begin PBXResourcesBuildPhase section */
		FAAD119325EA4B4300B1F90B /* Resources */ = {
			isa = PBXResourcesBuildPhase;
			buildActionMask = 2147483647;
			files = (
				FAAD11A325EA4B4500B1F90B /* Main.storyboard in Resources */,
				FA50162025FCE6B50010A0C0 /* Localizable.strings in Resources */,
				FAAD119D25EA4B4500B1F90B /* Assets.xcassets in Resources */,
			);
			runOnlyForDeploymentPostprocessing = 0;
		};
/* End PBXResourcesBuildPhase section */

/* Begin PBXSourcesBuildPhase section */
		FAAD119125EA4B4300B1F90B /* Sources */ = {
			isa = PBXSourcesBuildPhase;
			buildActionMask = 2147483647;
			files = (
				FA1301AF25ED22A70050A695 /* Peer.swift in Sources */,
				FAF27FA625EC2D2A00DC04D6 /* WSService.swift in Sources */,
				FAAD119B25EA4B4300B1F90B /* MainView.swift in Sources */,
				FAF27FAF25EC313F00DC04D6 /* WebRTCService.swift in Sources */,
				FAF27F7825EBBDB400DC04D6 /* WelcomeViewModel.swift in Sources */,
				FAF27F6C25EBB7FF00DC04D6 /* APIService.swift in Sources */,
				FA50161E25FCE5CE0010A0C0 /* Lang.swift in Sources */,
				FA78329225EFCB8800A0F4EC /* ContactViewModel.swift in Sources */,
				FAF27F7B25EBC11800DC04D6 /* WelcomeModel.swift in Sources */,
				FAF27FB325EC3DDE00DC04D6 /* WSDTO.swift in Sources */,
				FAF27F6025EA575A00DC04D6 /* String+Extensions.swift in Sources */,
				FA50162E25FD06B10010A0C0 /* WaveView.swift in Sources */,
				FAF27F5C25EA56DD00DC04D6 /* ContactView.swift in Sources */,
				FAF27F5525EA568E00DC04D6 /* KeyboardView.swift in Sources */,
				FA50162525FCE9CC0010A0C0 /* Account.swift in Sources */,
				FAF27F4F25EA561900DC04D6 /* ContactAvatarView.swift in Sources */,
				FAF27F7425EBBD6B00DC04D6 /* WelcomeView.swift in Sources */,
				FA14402325ECF33B000D22F4 /* CallProvider.swift in Sources */,
				FAF27F7F25EBC5C700DC04D6 /* APIDTO.swift in Sources */,
				FAF27F8B25EBC83100DC04D6 /* AuthProvider.swift in Sources */,
				FA46E0CD25ED4EDD003917B8 /* LinkHandler.swift in Sources */,
				FA78328E25EFBD0E00A0F4EC /* NSBezierPath+Extensions.swift in Sources */,
				FAF27F5925EA56AD00DC04D6 /* KeyboardKeyView.swift in Sources */,
				FAF27F6F25EBBAC800DC04D6 /* Config.swift in Sources */,
				FA14402025ECF235000D22F4 /* Dictionary+Extensions.swift in Sources */,
				FAF27F8E25EBCBD100DC04D6 /* Resolver.swift in Sources */,
				FAF27F9125EBCDA300DC04D6 /* MainModel.swift in Sources */,
				FAF27F9725EBD71300DC04D6 /* NSTextField+Extensions.swift in Sources */,
				FA14402625ECF890000D22F4 /* PersistenceProvider.swift in Sources */,
				FAA0582D25F829C900797A76 /* KeyboardProvider.swift in Sources */,
				FAAD119925EA4B4300B1F90B /* AppDelegate.swift in Sources */,
				FAF27F6425EA57AE00DC04D6 /* MainViewModel.swift in Sources */,
				FA1809EA25EFDE7A000EF35C /* Server.swift in Sources */,
				FA1301C625ED3E280050A695 /* APIError.swift in Sources */,
				FA50161225FCDE370010A0C0 /* Theme.swift in Sources */,
			);
			runOnlyForDeploymentPostprocessing = 0;
		};
/* End PBXSourcesBuildPhase section */

/* Begin PBXVariantGroup section */
		FA50162225FCE6B50010A0C0 /* Localizable.strings */ = {
			isa = PBXVariantGroup;
			children = (
				FA50162125FCE6B50010A0C0 /* en */,
			);
			name = Localizable.strings;
			sourceTree = "<group>";
		};
		FAAD11A125EA4B4500B1F90B /* Main.storyboard */ = {
			isa = PBXVariantGroup;
			children = (
				FAAD11A225EA4B4500B1F90B /* Base */,
			);
			name = Main.storyboard;
			sourceTree = "<group>";
		};
/* End PBXVariantGroup section */

/* Begin XCBuildConfiguration section */
		FAAD11A625EA4B4500B1F90B /* Debug */ = {
			isa = XCBuildConfiguration;
			buildSettings = {
				ALWAYS_SEARCH_USER_PATHS = NO;
				CLANG_ANALYZER_NONNULL = YES;
				CLANG_ANALYZER_NUMBER_OBJECT_CONVERSION = YES_AGGRESSIVE;
				CLANG_CXX_LANGUAGE_STANDARD = "gnu++14";
				CLANG_CXX_LIBRARY = "libc++";
				CLANG_ENABLE_MODULES = YES;
				CLANG_ENABLE_OBJC_ARC = YES;
				CLANG_ENABLE_OBJC_WEAK = YES;
				CLANG_WARN_BLOCK_CAPTURE_AUTORELEASING = YES;
				CLANG_WARN_BOOL_CONVERSION = YES;
				CLANG_WARN_COMMA = YES;
				CLANG_WARN_CONSTANT_CONVERSION = YES;
				CLANG_WARN_DEPRECATED_OBJC_IMPLEMENTATIONS = YES;
				CLANG_WARN_DIRECT_OBJC_ISA_USAGE = YES_ERROR;
				CLANG_WARN_DOCUMENTATION_COMMENTS = YES;
				CLANG_WARN_EMPTY_BODY = YES;
				CLANG_WARN_ENUM_CONVERSION = YES;
				CLANG_WARN_INFINITE_RECURSION = YES;
				CLANG_WARN_INT_CONVERSION = YES;
				CLANG_WARN_NON_LITERAL_NULL_CONVERSION = YES;
				CLANG_WARN_OBJC_IMPLICIT_RETAIN_SELF = YES;
				CLANG_WARN_OBJC_LITERAL_CONVERSION = YES;
				CLANG_WARN_OBJC_ROOT_CLASS = YES_ERROR;
				CLANG_WARN_QUOTED_INCLUDE_IN_FRAMEWORK_HEADER = YES;
				CLANG_WARN_RANGE_LOOP_ANALYSIS = YES;
				CLANG_WARN_STRICT_PROTOTYPES = YES;
				CLANG_WARN_SUSPICIOUS_MOVE = YES;
				CLANG_WARN_UNGUARDED_AVAILABILITY = YES_AGGRESSIVE;
				CLANG_WARN_UNREACHABLE_CODE = YES;
				CLANG_WARN__DUPLICATE_METHOD_MATCH = YES;
				COPY_PHASE_STRIP = NO;
				DEBUG_INFORMATION_FORMAT = dwarf;
				ENABLE_STRICT_OBJC_MSGSEND = YES;
				ENABLE_TESTABILITY = YES;
				GCC_C_LANGUAGE_STANDARD = gnu11;
				GCC_DYNAMIC_NO_PIC = NO;
				GCC_NO_COMMON_BLOCKS = YES;
				GCC_OPTIMIZATION_LEVEL = 0;
				GCC_PREPROCESSOR_DEFINITIONS = (
					"DEBUG=1",
					"$(inherited)",
				);
				GCC_WARN_64_TO_32_BIT_CONVERSION = YES;
				GCC_WARN_ABOUT_RETURN_TYPE = YES_ERROR;
				GCC_WARN_UNDECLARED_SELECTOR = YES;
				GCC_WARN_UNINITIALIZED_AUTOS = YES_AGGRESSIVE;
				GCC_WARN_UNUSED_FUNCTION = YES;
				GCC_WARN_UNUSED_VARIABLE = YES;
				MACOSX_DEPLOYMENT_TARGET = 11.1;
				MTL_ENABLE_DEBUG_INFO = INCLUDE_SOURCE;
				MTL_FAST_MATH = YES;
				ONLY_ACTIVE_ARCH = YES;
				SDKROOT = macosx;
				SWIFT_ACTIVE_COMPILATION_CONDITIONS = DEBUG;
				SWIFT_OPTIMIZATION_LEVEL = "-Onone";
			};
			name = Debug;
		};
		FAAD11A725EA4B4500B1F90B /* Release */ = {
			isa = XCBuildConfiguration;
			buildSettings = {
				ALWAYS_SEARCH_USER_PATHS = NO;
				CLANG_ANALYZER_NONNULL = YES;
				CLANG_ANALYZER_NUMBER_OBJECT_CONVERSION = YES_AGGRESSIVE;
				CLANG_CXX_LANGUAGE_STANDARD = "gnu++14";
				CLANG_CXX_LIBRARY = "libc++";
				CLANG_ENABLE_MODULES = YES;
				CLANG_ENABLE_OBJC_ARC = YES;
				CLANG_ENABLE_OBJC_WEAK = YES;
				CLANG_WARN_BLOCK_CAPTURE_AUTORELEASING = YES;
				CLANG_WARN_BOOL_CONVERSION = YES;
				CLANG_WARN_COMMA = YES;
				CLANG_WARN_CONSTANT_CONVERSION = YES;
				CLANG_WARN_DEPRECATED_OBJC_IMPLEMENTATIONS = YES;
				CLANG_WARN_DIRECT_OBJC_ISA_USAGE = YES_ERROR;
				CLANG_WARN_DOCUMENTATION_COMMENTS = YES;
				CLANG_WARN_EMPTY_BODY = YES;
				CLANG_WARN_ENUM_CONVERSION = YES;
				CLANG_WARN_INFINITE_RECURSION = YES;
				CLANG_WARN_INT_CONVERSION = YES;
				CLANG_WARN_NON_LITERAL_NULL_CONVERSION = YES;
				CLANG_WARN_OBJC_IMPLICIT_RETAIN_SELF = YES;
				CLANG_WARN_OBJC_LITERAL_CONVERSION = YES;
				CLANG_WARN_OBJC_ROOT_CLASS = YES_ERROR;
				CLANG_WARN_QUOTED_INCLUDE_IN_FRAMEWORK_HEADER = YES;
				CLANG_WARN_RANGE_LOOP_ANALYSIS = YES;
				CLANG_WARN_STRICT_PROTOTYPES = YES;
				CLANG_WARN_SUSPICIOUS_MOVE = YES;
				CLANG_WARN_UNGUARDED_AVAILABILITY = YES_AGGRESSIVE;
				CLANG_WARN_UNREACHABLE_CODE = YES;
				CLANG_WARN__DUPLICATE_METHOD_MATCH = YES;
				COPY_PHASE_STRIP = NO;
				DEBUG_INFORMATION_FORMAT = "dwarf-with-dsym";
				ENABLE_NS_ASSERTIONS = NO;
				ENABLE_STRICT_OBJC_MSGSEND = YES;
				GCC_C_LANGUAGE_STANDARD = gnu11;
				GCC_NO_COMMON_BLOCKS = YES;
				GCC_WARN_64_TO_32_BIT_CONVERSION = YES;
				GCC_WARN_ABOUT_RETURN_TYPE = YES_ERROR;
				GCC_WARN_UNDECLARED_SELECTOR = YES;
				GCC_WARN_UNINITIALIZED_AUTOS = YES_AGGRESSIVE;
				GCC_WARN_UNUSED_FUNCTION = YES;
				GCC_WARN_UNUSED_VARIABLE = YES;
				MACOSX_DEPLOYMENT_TARGET = 11.1;
				MTL_ENABLE_DEBUG_INFO = NO;
				MTL_FAST_MATH = YES;
				SDKROOT = macosx;
				SWIFT_COMPILATION_MODE = wholemodule;
				SWIFT_OPTIMIZATION_LEVEL = "-O";
			};
			name = Release;
		};
		FAAD11A925EA4B4500B1F90B /* Debug */ = {
			isa = XCBuildConfiguration;
			buildSettings = {
				ASSETCATALOG_COMPILER_APPICON_NAME = AppIcon;
				ASSETCATALOG_COMPILER_GLOBAL_ACCENT_COLOR_NAME = AccentColor;
				CODE_SIGN_STYLE = Automatic;
				COMBINE_HIDPI_IMAGES = YES;
				DEVELOPMENT_TEAM = A9TLDULDQ2;
				ENABLE_HARDENED_RUNTIME = YES;
				ENABLE_PREVIEWS = YES;
				INFOPLIST_FILE = Airtap/Info.plist;
				LD_RUNPATH_SEARCH_PATHS = (
					"$(inherited)",
					"@executable_path/../Frameworks",
				);
				MACOSX_DEPLOYMENT_TARGET = 10.15;
				PRODUCT_BUNDLE_IDENTIFIER = com.airtap.client;
				PRODUCT_NAME = "$(TARGET_NAME)";
				SWIFT_VERSION = 5.0;
			};
			name = Debug;
		};
		FAAD11AA25EA4B4500B1F90B /* Release */ = {
			isa = XCBuildConfiguration;
			buildSettings = {
				ASSETCATALOG_COMPILER_APPICON_NAME = AppIcon;
				ASSETCATALOG_COMPILER_GLOBAL_ACCENT_COLOR_NAME = AccentColor;
				CODE_SIGN_STYLE = Automatic;
				COMBINE_HIDPI_IMAGES = YES;
				DEVELOPMENT_TEAM = A9TLDULDQ2;
				ENABLE_HARDENED_RUNTIME = YES;
				ENABLE_PREVIEWS = YES;
				INFOPLIST_FILE = Airtap/Info.plist;
				LD_RUNPATH_SEARCH_PATHS = (
					"$(inherited)",
					"@executable_path/../Frameworks",
				);
				MACOSX_DEPLOYMENT_TARGET = 10.15;
				PRODUCT_BUNDLE_IDENTIFIER = com.airtap.client;
				PRODUCT_NAME = "$(TARGET_NAME)";
				SWIFT_VERSION = 5.0;
			};
			name = Release;
		};
/* End XCBuildConfiguration section */

/* Begin XCConfigurationList section */
		FAAD119025EA4B4300B1F90B /* Build configuration list for PBXProject "Airtap" */ = {
			isa = XCConfigurationList;
			buildConfigurations = (
				FAAD11A625EA4B4500B1F90B /* Debug */,
				FAAD11A725EA4B4500B1F90B /* Release */,
			);
			defaultConfigurationIsVisible = 0;
			defaultConfigurationName = Release;
		};
		FAAD11A825EA4B4500B1F90B /* Build configuration list for PBXNativeTarget "Airtap" */ = {
			isa = XCConfigurationList;
			buildConfigurations = (
				FAAD11A925EA4B4500B1F90B /* Debug */,
				FAAD11AA25EA4B4500B1F90B /* Release */,
			);
			defaultConfigurationIsVisible = 0;
			defaultConfigurationName = Release;
		};
/* End XCConfigurationList section */

/* Begin XCRemoteSwiftPackageReference section */
		FA1301A525ED228B0050A695 /* XCRemoteSwiftPackageReference "realm-cocoa" */ = {
			isa = XCRemoteSwiftPackageReference;
			repositoryURL = "https://github.com/realm/realm-cocoa.git";
			requirement = {
				kind = exactVersion;
				version = 10.7.0;
			};
		};
		FAA0582825F828A100797A76 /* XCRemoteSwiftPackageReference "HotKey" */ = {
			isa = XCRemoteSwiftPackageReference;
			repositoryURL = "https://github.com/soffes/HotKey";
			requirement = {
				kind = upToNextMajorVersion;
				minimumVersion = 0.1.3;
			};
		};
		FAF27F6625EBB7BC00DC04D6 /* XCRemoteSwiftPackageReference "airtap-swift-http-client" */ = {
			isa = XCRemoteSwiftPackageReference;
			repositoryURL = "git@github.com:Airtap-dev/airtap-swift-http-client.git";
			requirement = {
				branch = main;
				kind = branch;
			};
		};
		FAF27F8525EBC7D500DC04D6 /* XCRemoteSwiftPackageReference "keychain-swift" */ = {
			isa = XCRemoteSwiftPackageReference;
			repositoryURL = "https://github.com/evgenyneu/keychain-swift.git";
			requirement = {
				kind = exactVersion;
				version = 19.0.0;
			};
		};
		FAF27F9F25EC2D0100DC04D6 /* XCRemoteSwiftPackageReference "Starscream" */ = {
			isa = XCRemoteSwiftPackageReference;
			repositoryURL = "https://github.com/daltoniam/Starscream.git";
			requirement = {
				kind = exactVersion;
				version = 4.0.4;
			};
		};
		FAF27FA925EC30FD00DC04D6 /* XCRemoteSwiftPackageReference "WebRTC" */ = {
			isa = XCRemoteSwiftPackageReference;
			repositoryURL = "https://github.com/alexpiezo/WebRTC.git";
			requirement = {
				kind = exactVersion;
				version = 1.1.31567;
			};
		};
/* End XCRemoteSwiftPackageReference section */

/* Begin XCSwiftPackageProductDependency section */
		FA1301A625ED228B0050A695 /* Realm */ = {
			isa = XCSwiftPackageProductDependency;
			package = FA1301A525ED228B0050A695 /* XCRemoteSwiftPackageReference "realm-cocoa" */;
			productName = Realm;
		};
		FA1301A825ED228B0050A695 /* RealmSwift */ = {
			isa = XCSwiftPackageProductDependency;
			package = FA1301A525ED228B0050A695 /* XCRemoteSwiftPackageReference "realm-cocoa" */;
			productName = RealmSwift;
		};
		FAA0582925F828A100797A76 /* HotKey */ = {
			isa = XCSwiftPackageProductDependency;
			package = FAA0582825F828A100797A76 /* XCRemoteSwiftPackageReference "HotKey" */;
			productName = HotKey;
		};
		FAF27F6725EBB7BC00DC04D6 /* TinyHTTP */ = {
			isa = XCSwiftPackageProductDependency;
			package = FAF27F6625EBB7BC00DC04D6 /* XCRemoteSwiftPackageReference "airtap-swift-http-client" */;
			productName = TinyHTTP;
		};
		FAF27F8625EBC7D500DC04D6 /* KeychainSwift */ = {
			isa = XCSwiftPackageProductDependency;
			package = FAF27F8525EBC7D500DC04D6 /* XCRemoteSwiftPackageReference "keychain-swift" */;
			productName = KeychainSwift;
		};
		FAF27FA025EC2D0100DC04D6 /* Starscream */ = {
			isa = XCSwiftPackageProductDependency;
			package = FAF27F9F25EC2D0100DC04D6 /* XCRemoteSwiftPackageReference "Starscream" */;
			productName = Starscream;
		};
		FAF27FAA25EC30FD00DC04D6 /* WebRTC */ = {
			isa = XCSwiftPackageProductDependency;
			package = FAF27FA925EC30FD00DC04D6 /* XCRemoteSwiftPackageReference "WebRTC" */;
			productName = WebRTC;
		};
/* End XCSwiftPackageProductDependency section */
	};
	rootObject = FAAD118D25EA4B4300B1F90B /* Project object */;
}
